// !$*UTF8*$!
{
	archiveVersion = 1;
	classes = {
	};
	objectVersion = 48;
	objects = {

/* Begin PBXBuildFile section */
		03D2B9C420EE121C034B7392 /* Pods_TwitterApp.framework in Frameworks */ = {isa = PBXBuildFile; fileRef = A4EAD0D8D3AFA06C5B170E18 /* Pods_TwitterApp.framework */; };
		7EE79A4421C540CF00E34C5C /* AppDelegate.swift in Sources */ = {isa = PBXBuildFile; fileRef = 7EE79A4321C540CF00E34C5C /* AppDelegate.swift */; };
		7EE79A4621C540CF00E34C5C /* ViewController.swift in Sources */ = {isa = PBXBuildFile; fileRef = 7EE79A4521C540CF00E34C5C /* ViewController.swift */; };
		7EE79A4921C540CF00E34C5C /* Main.storyboard in Resources */ = {isa = PBXBuildFile; fileRef = 7EE79A4721C540CF00E34C5C /* Main.storyboard */; };
		7EE79A4B21C540CF00E34C5C /* Assets.xcassets in Resources */ = {isa = PBXBuildFile; fileRef = 7EE79A4A21C540CF00E34C5C /* Assets.xcassets */; };
		7EE79A4E21C540CF00E34C5C /* LaunchScreen.storyboard in Resources */ = {isa = PBXBuildFile; fileRef = 7EE79A4C21C540CF00E34C5C /* LaunchScreen.storyboard */; };
		7EE79A5621C6CA7500E34C5C /* Twitter.swift in Sources */ = {isa = PBXBuildFile; fileRef = 7EE79A5521C6CA7500E34C5C /* Twitter.swift */; };
		7EE79A5921C6CCB700E34C5C /* TwitterTableViewCell.swift in Sources */ = {isa = PBXBuildFile; fileRef = 7EE79A5721C6CCB700E34C5C /* TwitterTableViewCell.swift */; };
		7EE79A5A21C6CCB700E34C5C /* TwitterTableViewCell.xib in Resources */ = {isa = PBXBuildFile; fileRef = 7EE79A5821C6CCB700E34C5C /* TwitterTableViewCell.xib */; };
		7EE79A5D21C77F0B00E34C5C /* TableViewCell.swift in Sources */ = {isa = PBXBuildFile; fileRef = 7EE79A5B21C77F0A00E34C5C /* TableViewCell.swift */; };
		7EE79A5E21C77F0B00E34C5C /* TableViewCell.xib in Resources */ = {isa = PBXBuildFile; fileRef = 7EE79A5C21C77F0B00E34C5C /* TableViewCell.xib */; };
/* End PBXBuildFile section */

/* Begin PBXFileReference section */
		7EE79A4021C540CF00E34C5C /* TwitterApp.app */ = {isa = PBXFileReference; explicitFileType = wrapper.application; includeInIndex = 0; path = TwitterApp.app; sourceTree = BUILT_PRODUCTS_DIR; };
		7EE79A4321C540CF00E34C5C /* AppDelegate.swift */ = {isa = PBXFileReference; lastKnownFileType = sourcecode.swift; path = AppDelegate.swift; sourceTree = "<group>"; };
		7EE79A4521C540CF00E34C5C /* ViewController.swift */ = {isa = PBXFileReference; lastKnownFileType = sourcecode.swift; path = ViewController.swift; sourceTree = "<group>"; };
		7EE79A4821C540CF00E34C5C /* Base */ = {isa = PBXFileReference; lastKnownFileType = file.storyboard; name = Base; path = Base.lproj/Main.storyboard; sourceTree = "<group>"; };
		7EE79A4A21C540CF00E34C5C /* Assets.xcassets */ = {isa = PBXFileReference; lastKnownFileType = folder.assetcatalog; path = Assets.xcassets; sourceTree = "<group>"; };
		7EE79A4D21C540CF00E34C5C /* Base */ = {isa = PBXFileReference; lastKnownFileType = file.storyboard; name = Base; path = Base.lproj/LaunchScreen.storyboard; sourceTree = "<group>"; };
		7EE79A4F21C540CF00E34C5C /* Info.plist */ = {isa = PBXFileReference; lastKnownFileType = text.plist.xml; path = Info.plist; sourceTree = "<group>"; };
		7EE79A5521C6CA7500E34C5C /* Twitter.swift */ = {isa = PBXFileReference; lastKnownFileType = sourcecode.swift; path = Twitter.swift; sourceTree = "<group>"; };
		7EE79A5721C6CCB700E34C5C /* TwitterTableViewCell.swift */ = {isa = PBXFileReference; lastKnownFileType = sourcecode.swift; path = TwitterTableViewCell.swift; sourceTree = "<group>"; };
		7EE79A5821C6CCB700E34C5C /* TwitterTableViewCell.xib */ = {isa = PBXFileReference; lastKnownFileType = file.xib; path = TwitterTableViewCell.xib; sourceTree = "<group>"; };
		7EE79A5B21C77F0A00E34C5C /* TableViewCell.swift */ = {isa = PBXFileReference; lastKnownFileType = sourcecode.swift; path = TableViewCell.swift; sourceTree = "<group>"; };
		7EE79A5C21C77F0B00E34C5C /* TableViewCell.xib */ = {isa = PBXFileReference; lastKnownFileType = file.xib; path = TableViewCell.xib; sourceTree = "<group>"; };
		9A45BCC2EBE8E5D6DCC358A9 /* Pods-TwitterApp.debug.xcconfig */ = {isa = PBXFileReference; includeInIndex = 1; lastKnownFileType = text.xcconfig; name = "Pods-TwitterApp.debug.xcconfig"; path = "Pods/Target Support Files/Pods-TwitterApp/Pods-TwitterApp.debug.xcconfig"; sourceTree = "<group>"; };
		A4EAD0D8D3AFA06C5B170E18 /* Pods_TwitterApp.framework */ = {isa = PBXFileReference; explicitFileType = wrapper.framework; includeInIndex = 0; path = Pods_TwitterApp.framework; sourceTree = BUILT_PRODUCTS_DIR; };
		D7EEA32EB566B6588FCF2CB4 /* Pods-TwitterApp.release.xcconfig */ = {isa = PBXFileReference; includeInIndex = 1; lastKnownFileType = text.xcconfig; name = "Pods-TwitterApp.release.xcconfig"; path = "Pods/Target Support Files/Pods-TwitterApp/Pods-TwitterApp.release.xcconfig"; sourceTree = "<group>"; };
/* End PBXFileReference section */

/* Begin PBXFrameworksBuildPhase section */
		7EE79A3D21C540CF00E34C5C /* Frameworks */ = {
			isa = PBXFrameworksBuildPhase;
			buildActionMask = 2147483647;
			files = (
				03D2B9C420EE121C034B7392 /* Pods_TwitterApp.framework in Frameworks */,
			);
			runOnlyForDeploymentPostprocessing = 0;
		};
/* End PBXFrameworksBuildPhase section */

/* Begin PBXGroup section */
		22D4153503830BD893712D33 /* Frameworks */ = {
			isa = PBXGroup;
			children = (
				A4EAD0D8D3AFA06C5B170E18 /* Pods_TwitterApp.framework */,
			);
			name = Frameworks;
			sourceTree = "<group>";
		};
		3F633445F1BBFCE35D3886AE /* Pods */ = {
			isa = PBXGroup;
			children = (
				9A45BCC2EBE8E5D6DCC358A9 /* Pods-TwitterApp.debug.xcconfig */,
				D7EEA32EB566B6588FCF2CB4 /* Pods-TwitterApp.release.xcconfig */,
			);
			name = Pods;
			sourceTree = "<group>";
		};
		7EE79A3721C540CF00E34C5C = {
			isa = PBXGroup;
			children = (
				7EE79A4221C540CF00E34C5C /* TwitterApp */,
				7EE79A4121C540CF00E34C5C /* Products */,
				3F633445F1BBFCE35D3886AE /* Pods */,
				22D4153503830BD893712D33 /* Frameworks */,
			);
			sourceTree = "<group>";
		};
		7EE79A4121C540CF00E34C5C /* Products */ = {
			isa = PBXGroup;
			children = (
				7EE79A4021C540CF00E34C5C /* TwitterApp.app */,
			);
			name = Products;
			sourceTree = "<group>";
		};
		7EE79A4221C540CF00E34C5C /* TwitterApp */ = {
			isa = PBXGroup;
			children = (
				7EE79A4321C540CF00E34C5C /* AppDelegate.swift */,
				7EE79A4521C540CF00E34C5C /* ViewController.swift */,
				7EE79A4721C540CF00E34C5C /* Main.storyboard */,
				7EE79A4A21C540CF00E34C5C /* Assets.xcassets */,
				7EE79A4C21C540CF00E34C5C /* LaunchScreen.storyboard */,
				7EE79A4F21C540CF00E34C5C /* Info.plist */,
				7EE79A5521C6CA7500E34C5C /* Twitter.swift */,
				7EE79A5721C6CCB700E34C5C /* TwitterTableViewCell.swift */,
				7EE79A5821C6CCB700E34C5C /* TwitterTableViewCell.xib */,
				7EE79A5B21C77F0A00E34C5C /* TableViewCell.swift */,
				7EE79A5C21C77F0B00E34C5C /* TableViewCell.xib */,
			);
			path = TwitterApp;
			sourceTree = "<group>";
		};
/* End PBXGroup section */

/* Begin PBXNativeTarget section */
		7EE79A3F21C540CF00E34C5C /* TwitterApp */ = {
			isa = PBXNativeTarget;
			buildConfigurationList = 7EE79A5221C540CF00E34C5C /* Build configuration list for PBXNativeTarget "TwitterApp" */;
			buildPhases = (
				EC8F9CC3427B703D47ADD006 /* [CP] Check Pods Manifest.lock */,
				7EE79A3C21C540CF00E34C5C /* Sources */,
				7EE79A3D21C540CF00E34C5C /* Frameworks */,
				7EE79A3E21C540CF00E34C5C /* Resources */,
				3C9DFEBEA8F1866CC646D6F4 /* [CP] Embed Pods Frameworks */,
				F18BFE1FE67A428DA5223430 /* [CP] Copy Pods Resources */,
			);
			buildRules = (
			);
			dependencies = (
			);
			name = TwitterApp;
			productName = TwitterApp;
			productReference = 7EE79A4021C540CF00E34C5C /* TwitterApp.app */;
			productType = "com.apple.product-type.application";
		};
/* End PBXNativeTarget section */

/* Begin PBXProject section */
		7EE79A3821C540CF00E34C5C /* Project object */ = {
			isa = PBXProject;
			attributes = {
				LastSwiftUpdateCheck = 0910;
				LastUpgradeCheck = 0910;
				ORGANIZATIONNAME = ASP;
				TargetAttributes = {
					7EE79A3F21C540CF00E34C5C = {
						CreatedOnToolsVersion = 9.1;
						ProvisioningStyle = Automatic;
					};
				};
			};
			buildConfigurationList = 7EE79A3B21C540CF00E34C5C /* Build configuration list for PBXProject "TwitterApp" */;
			compatibilityVersion = "Xcode 8.0";
			developmentRegion = en;
			hasScannedForEncodings = 0;
			knownRegions = (
				en,
				Base,
			);
			mainGroup = 7EE79A3721C540CF00E34C5C;
			productRefGroup = 7EE79A4121C540CF00E34C5C /* Products */;
			projectDirPath = "";
			projectRoot = "";
			targets = (
				7EE79A3F21C540CF00E34C5C /* TwitterApp */,
			);
		};
/* End PBXProject section */

/* Begin PBXResourcesBuildPhase section */
		7EE79A3E21C540CF00E34C5C /* Resources */ = {
			isa = PBXResourcesBuildPhase;
			buildActionMask = 2147483647;
			files = (
				7EE79A4E21C540CF00E34C5C /* LaunchScreen.storyboard in Resources */,
				7EE79A5E21C77F0B00E34C5C /* TableViewCell.xib in Resources */,
				7EE79A4B21C540CF00E34C5C /* Assets.xcassets in Resources */,
				7EE79A4921C540CF00E34C5C /* Main.storyboard in Resources */,
				7EE79A5A21C6CCB700E34C5C /* TwitterTableViewCell.xib in Resources */,
			);
			runOnlyForDeploymentPostprocessing = 0;
		};
/* End PBXResourcesBuildPhase section */

/* Begin PBXShellScriptBuildPhase section */
		3C9DFEBEA8F1866CC646D6F4 /* [CP] Embed Pods Frameworks */ = {
			isa = PBXShellScriptBuildPhase;
			buildActionMask = 2147483647;
			files = (
			);
			inputPaths = (
				"${SRCROOT}/Pods/Target Support Files/Pods-TwitterApp/Pods-TwitterApp-frameworks.sh",
				"${BUILT_PRODUCTS_DIR}/Alamofire/Alamofire.framework",
				"${BUILT_PRODUCTS_DIR}/AlamofireImage/AlamofireImage.framework",
				"${BUILT_PRODUCTS_DIR}/OhhAuth/OhhAuth.framework",
				"${BUILT_PRODUCTS_DIR}/SVProgressHUD/SVProgressHUD.framework",
				"${BUILT_PRODUCTS_DIR}/SwiftyJSON/SwiftyJSON.framework",
				"${PODS_ROOT}/TwitterCore/iOS/TwitterCore.framework",
				"${PODS_ROOT}/TwitterKit/iOS/TwitterKit.framework",
			);
			name = "[CP] Embed Pods Frameworks";
			outputPaths = (
				"${TARGET_BUILD_DIR}/${FRAMEWORKS_FOLDER_PATH}/Alamofire.framework",
				"${TARGET_BUILD_DIR}/${FRAMEWORKS_FOLDER_PATH}/AlamofireImage.framework",
				"${TARGET_BUILD_DIR}/${FRAMEWORKS_FOLDER_PATH}/OhhAuth.framework",
				"${TARGET_BUILD_DIR}/${FRAMEWORKS_FOLDER_PATH}/SVProgressHUD.framework",
				"${TARGET_BUILD_DIR}/${FRAMEWORKS_FOLDER_PATH}/SwiftyJSON.framework",
				"${TARGET_BUILD_DIR}/${FRAMEWORKS_FOLDER_PATH}/TwitterCore.framework",
				"${TARGET_BUILD_DIR}/${FRAMEWORKS_FOLDER_PATH}/TwitterKit.framework",
			);
			runOnlyForDeploymentPostprocessing = 0;
			shellPath = /bin/sh;
			shellScript = "\"${SRCROOT}/Pods/Target Support Files/Pods-TwitterApp/Pods-TwitterApp-frameworks.sh\"\n";
			showEnvVarsInLog = 0;
		};
		EC8F9CC3427B703D47ADD006 /* [CP] Check Pods Manifest.lock */ = {
			isa = PBXShellScriptBuildPhase;
			buildActionMask = 2147483647;
			files = (
			);
			inputPaths = (
				"${PODS_PODFILE_DIR_PATH}/Podfile.lock",
				"${PODS_ROOT}/Manifest.lock",
			);
			name = "[CP] Check Pods Manifest.lock";
			outputPaths = (
				"$(DERIVED_FILE_DIR)/Pods-TwitterApp-checkManifestLockResult.txt",
			);
			runOnlyForDeploymentPostprocessing = 0;
			shellPath = /bin/sh;
			shellScript = "diff \"${PODS_PODFILE_DIR_PATH}/Podfile.lock\" \"${PODS_ROOT}/Manifest.lock\" > /dev/null\nif [ $? != 0 ] ; then\n    # print error to STDERR\n    echo \"error: The sandbox is not in sync with the Podfile.lock. Run 'pod install' or update your CocoaPods installation.\" >&2\n    exit 1\nfi\n# This output is used by Xcode 'outputs' to avoid re-running this script phase.\necho \"SUCCESS\" > \"${SCRIPT_OUTPUT_FILE_0}\"\n";
			showEnvVarsInLog = 0;
		};
		F18BFE1FE67A428DA5223430 /* [CP] Copy Pods Resources */ = {
			isa = PBXShellScriptBuildPhase;
			buildActionMask = 2147483647;
			files = (
			);
			inputPaths = (
				"${SRCROOT}/Pods/Target Support Files/Pods-TwitterApp/Pods-TwitterApp-resources.sh",
				"${PODS_ROOT}/TwitterKit/iOS/TwitterKit.framework/TwitterKitResources.bundle",
			);
			name = "[CP] Copy Pods Resources";
			outputPaths = (
				"${TARGET_BUILD_DIR}/${UNLOCALIZED_RESOURCES_FOLDER_PATH}/TwitterKitResources.bundle",
			);
			runOnlyForDeploymentPostprocessing = 0;
			shellPath = /bin/sh;
			shellScript = "\"${SRCROOT}/Pods/Target Support Files/Pods-TwitterApp/Pods-TwitterApp-resources.sh\"\n";
			showEnvVarsInLog = 0;
		};
/* End PBXShellScriptBuildPhase section */

/* Begin PBXSourcesBuildPhase section */
		7EE79A3C21C540CF00E34C5C /* Sources */ = {
			isa = PBXSourcesBuildPhase;
			buildActionMask = 2147483647;
			files = (
				7EE79A5D21C77F0B00E34C5C /* TableViewCell.swift in Sources */,
				7EE79A4621C540CF00E34C5C /* ViewController.swift in Sources */,
				7EE79A5621C6CA7500E34C5C /* Twitter.swift in Sources */,
				7EE79A4421C540CF00E34C5C /* AppDelegate.swift in Sources */,
				7EE79A5921C6CCB700E34C5C /* TwitterTableViewCell.swift in Sources */,
			);
			runOnlyForDeploymentPostprocessing = 0;
		};
/* End PBXSourcesBuildPhase section */

/* Begin PBXVariantGroup section */
		7EE79A4721C540CF00E34C5C /* Main.storyboard */ = {
			isa = PBXVariantGroup;
			children = (
				7EE79A4821C540CF00E34C5C /* Base */,
			);
			name = Main.storyboard;
			sourceTree = "<group>";
		};
		7EE79A4C21C540CF00E34C5C /* LaunchScreen.storyboard */ = {
			isa = PBXVariantGroup;
			children = (
				7EE79A4D21C540CF00E34C5C /* Base */,
			);
			name = LaunchScreen.storyboard;
			sourceTree = "<group>";
		};
/* End PBXVariantGroup section */

/* Begin XCBuildConfiguration section */
		7EE79A5021C540CF00E34C5C /* Debug */ = {
			isa = XCBuildConfiguration;
			buildSettings = {
				ALWAYS_SEARCH_USER_PATHS = NO;
				CLANG_ANALYZER_NONNULL = YES;
				CLANG_ANALYZER_NUMBER_OBJECT_CONVERSION = YES_AGGRESSIVE;
				CLANG_CXX_LANGUAGE_STANDARD = "gnu++14";
				CLANG_CXX_LIBRARY = "libc++";
				CLANG_ENABLE_MODULES = YES;
				CLANG_ENABLE_OBJC_ARC = YES;
				CLANG_WARN_BLOCK_CAPTURE_AUTORELEASING = YES;
				CLANG_WARN_BOOL_CONVERSION = YES;
				CLANG_WARN_COMMA = YES;
				CLANG_WARN_CONSTANT_CONVERSION = YES;
				CLANG_WARN_DIRECT_OBJC_ISA_USAGE = YES_ERROR;
				CLANG_WARN_DOCUMENTATION_COMMENTS = YES;
				CLANG_WARN_EMPTY_BODY = YES;
				CLANG_WARN_ENUM_CONVERSION = YES;
				CLANG_WARN_INFINITE_RECURSION = YES;
				CLANG_WARN_INT_CONVERSION = YES;
				CLANG_WARN_NON_LITERAL_NULL_CONVERSION = YES;
				CLANG_WARN_OBJC_LITERAL_CONVERSION = YES;
				CLANG_WARN_OBJC_ROOT_CLASS = YES_ERROR;
				CLANG_WARN_RANGE_LOOP_ANALYSIS = YES;
				CLANG_WARN_STRICT_PROTOTYPES = YES;
				CLANG_WARN_SUSPICIOUS_MOVE = YES;
				CLANG_WARN_UNGUARDED_AVAILABILITY = YES_AGGRESSIVE;
				CLANG_WARN_UNREACHABLE_CODE = YES;
				CLANG_WARN__DUPLICATE_METHOD_MATCH = YES;
				CODE_SIGN_IDENTITY = "iPhone Developer";
				COPY_PHASE_STRIP = NO;
				DEBUG_INFORMATION_FORMAT = dwarf;
				ENABLE_STRICT_OBJC_MSGSEND = YES;
				ENABLE_TESTABILITY = YES;
				GCC_C_LANGUAGE_STANDARD = gnu11;
				GCC_DYNAMIC_NO_PIC = NO;
				GCC_NO_COMMON_BLOCKS = YES;
				GCC_OPTIMIZATION_LEVEL = 0;
				GCC_PREPROCESSOR_DEFINITIONS = (
					"DEBUG=1",
					"$(inherited)",
				);
				GCC_WARN_64_TO_32_BIT_CONVERSION = YES;
				GCC_WARN_ABOUT_RETURN_TYPE = YES_ERROR;
				GCC_WARN_UNDECLARED_SELECTOR = YES;
				GCC_WARN_UNINITIALIZED_AUTOS = YES_AGGRESSIVE;
				GCC_WARN_UNUSED_FUNCTION = YES;
				GCC_WARN_UNUSED_VARIABLE = YES;
				IPHONEOS_DEPLOYMENT_TARGET = 11.1;
				MTL_ENABLE_DEBUG_INFO = YES;
				ONLY_ACTIVE_ARCH = YES;
				SDKROOT = iphoneos;
				SWIFT_ACTIVE_COMPILATION_CONDITIONS = DEBUG;
				SWIFT_OPTIMIZATION_LEVEL = "-Onone";
			};
			name = Debug;
		};
		7EE79A5121C540CF00E34C5C /* Release */ = {
			isa = XCBuildConfiguration;
			buildSettings = {
				ALWAYS_SEARCH_USER_PATHS = NO;
				CLANG_ANALYZER_NONNULL = YES;
				CLANG_ANALYZER_NUMBER_OBJECT_CONVERSION = YES_AGGRESSIVE;
				CLANG_CXX_LANGUAGE_STANDARD = "gnu++14";
				CLANG_CXX_LIBRARY = "libc++";
				CLANG_ENABLE_MODULES = YES;
				CLANG_ENABLE_OBJC_ARC = YES;
				CLANG_WARN_BLOCK_CAPTURE_AUTORELEASING = YES;
				CLANG_WARN_BOOL_CONVERSION = YES;
				CLANG_WARN_COMMA = YES;
				CLANG_WARN_CONSTANT_CONVERSION = YES;
				CLANG_WARN_DIRECT_OBJC_ISA_USAGE = YES_ERROR;
				CLANG_WARN_DOCUMENTATION_COMMENTS = YES;
				CLANG_WARN_EMPTY_BODY = YES;
				CLANG_WARN_ENUM_CONVERSION = YES;
				CLANG_WARN_INFINITE_RECURSION = YES;
				CLANG_WARN_INT_CONVERSION = YES;
				CLANG_WARN_NON_LITERAL_NULL_CONVERSION = YES;
				CLANG_WARN_OBJC_LITERAL_CONVERSION = YES;
				CLANG_WARN_OBJC_ROOT_CLASS = YES_ERROR;
				CLANG_WARN_RANGE_LOOP_ANALYSIS = YES;
				CLANG_WARN_STRICT_PROTOTYPES = YES;
				CLANG_WARN_SUSPICIOUS_MOVE = YES;
				CLANG_WARN_UNGUARDED_AVAILABILITY = YES_AGGRESSIVE;
				CLANG_WARN_UNREACHABLE_CODE = YES;
				CLANG_WARN__DUPLICATE_METHOD_MATCH = YES;
				CODE_SIGN_IDENTITY = "iPhone Developer";
				COPY_PHASE_STRIP = NO;
				DEBUG_INFORMATION_FORMAT = "dwarf-with-dsym";
				ENABLE_NS_ASSERTIONS = NO;
				ENABLE_STRICT_OBJC_MSGSEND = YES;
				GCC_C_LANGUAGE_STANDARD = gnu11;
				GCC_NO_COMMON_BLOCKS = YES;
				GCC_WARN_64_TO_32_BIT_CONVERSION = YES;
				GCC_WARN_ABOUT_RETURN_TYPE = YES_ERROR;
				GCC_WARN_UNDECLARED_SELECTOR = YES;
				GCC_WARN_UNINITIALIZED_AUTOS = YES_AGGRESSIVE;
				GCC_WARN_UNUSED_FUNCTION = YES;
				GCC_WARN_UNUSED_VARIABLE = YES;
				IPHONEOS_DEPLOYMENT_TARGET = 11.1;
				MTL_ENABLE_DEBUG_INFO = NO;
				SDKROOT = iphoneos;
				SWIFT_OPTIMIZATION_LEVEL = "-Owholemodule";
				VALIDATE_PRODUCT = YES;
			};
			name = Release;
		};
		7EE79A5321C540CF00E34C5C /* Debug */ = {
			isa = XCBuildConfiguration;
			baseConfigurationReference = 9A45BCC2EBE8E5D6DCC358A9 /* Pods-TwitterApp.debug.xcconfig */;
			buildSettings = {
				ASSETCATALOG_COMPILER_APPICON_NAME = AppIcon;
				CODE_SIGN_STYLE = Automatic;
				DEVELOPMENT_TEAM = 4L2MSKX5Q6;
				INFOPLIST_FILE = TwitterApp/Info.plist;
				LD_RUNPATH_SEARCH_PATHS = "$(inherited) @executable_path/Frameworks";
				PRODUCT_BUNDLE_IDENTIFIER = com.mahmoudaoata.test.TwitterApp;
				PRODUCT_NAME = "$(TARGET_NAME)";
				SWIFT_VERSION = 4.0;
				TARGETED_DEVICE_FAMILY = "1,2";
			};
			name = Debug;
		};
		7EE79A5421C540CF00E34C5C /* Release */ = {
			isa = XCBuildConfiguration;
			baseConfigurationReference = D7EEA32EB566B6588FCF2CB4 /* Pods-TwitterApp.release.xcconfig */;
			buildSettings = {
				ASSETCATALOG_COMPILER_APPICON_NAME = AppIcon;
				CODE_SIGN_STYLE = Automatic;
				DEVELOPMENT_TEAM = 4L2MSKX5Q6;
				INFOPLIST_FILE = TwitterApp/Info.plist;
				LD_RUNPATH_SEARCH_PATHS = "$(inherited) @executable_path/Frameworks";
				PRODUCT_BUNDLE_IDENTIFIER = com.mahmoudaoata.test.TwitterApp;
				PRODUCT_NAME = "$(TARGET_NAME)";
				SWIFT_VERSION = 4.0;
				TARGETED_DEVICE_FAMILY = "1,2";
			};
			name = Release;
		};
/* End XCBuildConfiguration section */

/* Begin XCConfigurationList section */
		7EE79A3B21C540CF00E34C5C /* Build configuration list for PBXProject "TwitterApp" */ = {
			isa = XCConfigurationList;
			buildConfigurations = (
				7EE79A5021C540CF00E34C5C /* Debug */,
				7EE79A5121C540CF00E34C5C /* Release */,
			);
			defaultConfigurationIsVisible = 0;
			defaultConfigurationName = Release;
		};
		7EE79A5221C540CF00E34C5C /* Build configuration list for PBXNativeTarget "TwitterApp" */ = {
			isa = XCConfigurationList;
			buildConfigurations = (
				7EE79A5321C540CF00E34C5C /* Debug */,
				7EE79A5421C540CF00E34C5C /* Release */,
			);
			defaultConfigurationIsVisible = 0;
			defaultConfigurationName = Release;
		};
/* End XCConfigurationList section */
	};
	rootObject = 7EE79A3821C540CF00E34C5C /* Project object */;
}
